
Microsoft Visual Studio Solution File, Format Version 12.00
# Visual Studio Version 16
VisualStudioVersion = 16.0.31624.102
MinimumVisualStudioVersion = 10.0.40219.1
Project("{FAE04EC0-301F-11D3-BF4B-00C04F79EFBC}") = "wpfAppScarabeo", "wpfAppScarabeo.csproj", "{FBDD772C-22BE-4A7A-A53C-2C7DF9724261}"
EndProject
Global
	GlobalSection(SolutionConfigurationPlatforms) = preSolution
		Debug|Any CPU = Debug|Any CPU
		Release|Any CPU = Release|Any CPU
	EndGlobalSection
	GlobalSection(ProjectConfigurationPlatforms) = postSolution
		{FBDD772C-22BE-4A7A-A53C-2C7DF9724261}.Debug|Any CPU.ActiveCfg = Debug|Any CPU
		{FBDD772C-22BE-4A7A-A53C-2C7DF9724261}.Debug|Any CPU.Build.0 = Debug|Any CPU
		{FBDD772C-22BE-4A7A-A53C-2C7DF9724261}.Release|Any CPU.ActiveCfg = Release|Any CPU
		{FBDD772C-22BE-4A7A-A53C-2C7DF9724261}.Release|Any CPU.Build.0 = Release|Any CPU
	EndGlobalSection
	GlobalSection(SolutionProperties) = preSolution
		HideSolutionNode = FALSE
	EndGlobalSection
	GlobalSection(ExtensibilityGlobals) = postSolution
		SolutionGuid = {4DFD0C07-7444-4BA2-8659-67F0DD399961}
	EndGlobalSection
EndGlobal
